
Microsoft Visual Studio Solution File, Format Version 12.00
# Visual Studio 15
VisualStudioVersion = 15.0.28307.1000
MinimumVisualStudioVersion = 10.0.40219.1
Project("{2150E333-8FDC-42A3-9474-1A3956D46DE8}") = "src", "src", "{008B5F60-D1BD-4B66-875B-58C2FE98A119}"
EndProject
Project("{FAE04EC0-301F-11D3-BF4B-00C04F79EFBC}") = "ArchitectureTest.Domain", "src\ArchitectureTest.Domain\ArchitectureTest.Domain.csproj", "{F242B190-C97C-44BE-91BF-4C0ECC41FF88}"
EndProject
Project("{FAE04EC0-301F-11D3-BF4B-00C04F79EFBC}") = "ArchitectureTest.Web", "src\ArchitectureTest.Web\ArchitectureTest.Web.csproj", "{7CC5BD8A-A682-477E-B4AD-BE50C4B949D3}"
EndProject
Project("{2150E333-8FDC-42A3-9474-1A3956D46DE8}") = "tests", "tests", "{B5F1ECEA-491B-45E9-9D0B-A2E805F26E96}"
EndProject
Project("{FAE04EC0-301F-11D3-BF4B-00C04F79EFBC}") = "ArchitectureTest.Tests", "tests\ArchitectureTest.Tests\ArchitectureTest.Tests.csproj", "{213CE55E-AC13-4D32-8A3D-3EAF0E4A6021}"
EndProject
Project("{FAE04EC0-301F-11D3-BF4B-00C04F79EFBC}") = "ArchitectureTest.Infrastructure", "src\ArchitectureTest.Infrastructure\ArchitectureTest.Infrastructure.csproj", "{4944C10C-92F1-4409-AF3A-FDE154D470D1}"
EndProject
Project("{FAE04EC0-301F-11D3-BF4B-00C04F79EFBC}") = "ArchitectureTest.Databases", "src\ArchitectureTest.Databases\ArchitectureTest.Databases.csproj", "{8589EEEF-A7FC-4137-8CEA-D7391F7F4463}"
EndProject
Project("{FAE04EC0-301F-11D3-BF4B-00C04F79EFBC}") = "ArchitectureTest.Infrastructure.Tests", "tests\ArchitectureTest.Infrastructure.Tests\ArchitectureTest.Infrastructure.Tests.csproj", "{D45C568B-5E80-4574-AD33-6DE658EB0F9C}"
EndProject
Project("{FAE04EC0-301F-11D3-BF4B-00C04F79EFBC}") = "ArchitectureTest.TestUtils", "tests\ArchitectureTest.TestUtils\ArchitectureTest.TestUtils.csproj", "{DAE4016A-CF9B-4411-9A8B-D8B35BD30EC4}"
EndProject
Project("{FAE04EC0-301F-11D3-BF4B-00C04F79EFBC}") = "ArchitectureTest.Domain.Tests", "tests\ArchitectureTest.Domain.Tests\ArchitectureTest.Domain.Tests.csproj", "{D0740E94-1F9B-42E1-AAC4-8DEB741C1A63}"
EndProject
Project("{FAE04EC0-301F-11D3-BF4B-00C04F79EFBC}") = "ArchitectureTest.Web.Tests", "tests\ArchitectureTest.Web.Tests\ArchitectureTest.Web.Tests.csproj", "{15A6A861-25E0-433F-9F3B-6794BB502AC3}"
EndProject
Global
	GlobalSection(SolutionProperties) = preSolution
		HideSolutionNode = FALSE
	EndGlobalSection
	GlobalSection(ExtensibilityGlobals) = postSolution
		SolutionGuid = {25B8CFBB-58C0-4BCD-AAAD-0FEF3FAF6BB2}
	EndGlobalSection
	GlobalSection(SolutionConfigurationPlatforms) = preSolution
		Debug|Any CPU = Debug|Any CPU
		Debug|x64 = Debug|x64
		Debug|x86 = Debug|x86
		Release|Any CPU = Release|Any CPU
		Release|x64 = Release|x64
		Release|x86 = Release|x86
	EndGlobalSection
	GlobalSection(ProjectConfigurationPlatforms) = postSolution
		{F242B190-C97C-44BE-91BF-4C0ECC41FF88}.Debug|Any CPU.ActiveCfg = Debug|Any CPU
		{F242B190-C97C-44BE-91BF-4C0ECC41FF88}.Debug|Any CPU.Build.0 = Debug|Any CPU
		{F242B190-C97C-44BE-91BF-4C0ECC41FF88}.Debug|x64.ActiveCfg = Debug|Any CPU
		{F242B190-C97C-44BE-91BF-4C0ECC41FF88}.Debug|x64.Build.0 = Debug|Any CPU
		{F242B190-C97C-44BE-91BF-4C0ECC41FF88}.Debug|x86.ActiveCfg = Debug|Any CPU
		{F242B190-C97C-44BE-91BF-4C0ECC41FF88}.Debug|x86.Build.0 = Debug|Any CPU
		{F242B190-C97C-44BE-91BF-4C0ECC41FF88}.Release|Any CPU.ActiveCfg = Release|Any CPU
		{F242B190-C97C-44BE-91BF-4C0ECC41FF88}.Release|Any CPU.Build.0 = Release|Any CPU
		{F242B190-C97C-44BE-91BF-4C0ECC41FF88}.Release|x64.ActiveCfg = Release|Any CPU
		{F242B190-C97C-44BE-91BF-4C0ECC41FF88}.Release|x64.Build.0 = Release|Any CPU
		{F242B190-C97C-44BE-91BF-4C0ECC41FF88}.Release|x86.ActiveCfg = Release|Any CPU
		{F242B190-C97C-44BE-91BF-4C0ECC41FF88}.Release|x86.Build.0 = Release|Any CPU
		{7CC5BD8A-A682-477E-B4AD-BE50C4B949D3}.Debug|Any CPU.ActiveCfg = Debug|Any CPU
		{7CC5BD8A-A682-477E-B4AD-BE50C4B949D3}.Debug|Any CPU.Build.0 = Debug|Any CPU
		{7CC5BD8A-A682-477E-B4AD-BE50C4B949D3}.Debug|x64.ActiveCfg = Debug|Any CPU
		{7CC5BD8A-A682-477E-B4AD-BE50C4B949D3}.Debug|x64.Build.0 = Debug|Any CPU
		{7CC5BD8A-A682-477E-B4AD-BE50C4B949D3}.Debug|x86.ActiveCfg = Debug|Any CPU
		{7CC5BD8A-A682-477E-B4AD-BE50C4B949D3}.Debug|x86.Build.0 = Debug|Any CPU
		{7CC5BD8A-A682-477E-B4AD-BE50C4B949D3}.Release|Any CPU.ActiveCfg = Release|Any CPU
		{7CC5BD8A-A682-477E-B4AD-BE50C4B949D3}.Release|Any CPU.Build.0 = Release|Any CPU
		{7CC5BD8A-A682-477E-B4AD-BE50C4B949D3}.Release|x64.ActiveCfg = Release|Any CPU
		{7CC5BD8A-A682-477E-B4AD-BE50C4B949D3}.Release|x64.Build.0 = Release|Any CPU
		{7CC5BD8A-A682-477E-B4AD-BE50C4B949D3}.Release|x86.ActiveCfg = Release|Any CPU
		{7CC5BD8A-A682-477E-B4AD-BE50C4B949D3}.Release|x86.Build.0 = Release|Any CPU
		{213CE55E-AC13-4D32-8A3D-3EAF0E4A6021}.Debug|Any CPU.ActiveCfg = Debug|Any CPU
		{213CE55E-AC13-4D32-8A3D-3EAF0E4A6021}.Debug|Any CPU.Build.0 = Debug|Any CPU
		{213CE55E-AC13-4D32-8A3D-3EAF0E4A6021}.Debug|x64.ActiveCfg = Debug|Any CPU
		{213CE55E-AC13-4D32-8A3D-3EAF0E4A6021}.Debug|x64.Build.0 = Debug|Any CPU
		{213CE55E-AC13-4D32-8A3D-3EAF0E4A6021}.Debug|x86.ActiveCfg = Debug|Any CPU
		{213CE55E-AC13-4D32-8A3D-3EAF0E4A6021}.Debug|x86.Build.0 = Debug|Any CPU
		{213CE55E-AC13-4D32-8A3D-3EAF0E4A6021}.Release|Any CPU.ActiveCfg = Release|Any CPU
		{213CE55E-AC13-4D32-8A3D-3EAF0E4A6021}.Release|Any CPU.Build.0 = Release|Any CPU
		{213CE55E-AC13-4D32-8A3D-3EAF0E4A6021}.Release|x64.ActiveCfg = Release|Any CPU
		{213CE55E-AC13-4D32-8A3D-3EAF0E4A6021}.Release|x64.Build.0 = Release|Any CPU
		{213CE55E-AC13-4D32-8A3D-3EAF0E4A6021}.Release|x86.ActiveCfg = Release|Any CPU
		{213CE55E-AC13-4D32-8A3D-3EAF0E4A6021}.Release|x86.Build.0 = Release|Any CPU
		{4944C10C-92F1-4409-AF3A-FDE154D470D1}.Debug|Any CPU.ActiveCfg = Debug|Any CPU
		{4944C10C-92F1-4409-AF3A-FDE154D470D1}.Debug|Any CPU.Build.0 = Debug|Any CPU
		{4944C10C-92F1-4409-AF3A-FDE154D470D1}.Debug|x64.ActiveCfg = Debug|Any CPU
		{4944C10C-92F1-4409-AF3A-FDE154D470D1}.Debug|x64.Build.0 = Debug|Any CPU
		{4944C10C-92F1-4409-AF3A-FDE154D470D1}.Debug|x86.ActiveCfg = Debug|Any CPU
		{4944C10C-92F1-4409-AF3A-FDE154D470D1}.Debug|x86.Build.0 = Debug|Any CPU
		{4944C10C-92F1-4409-AF3A-FDE154D470D1}.Release|Any CPU.ActiveCfg = Release|Any CPU
		{4944C10C-92F1-4409-AF3A-FDE154D470D1}.Release|Any CPU.Build.0 = Release|Any CPU
		{4944C10C-92F1-4409-AF3A-FDE154D470D1}.Release|x64.ActiveCfg = Release|Any CPU
		{4944C10C-92F1-4409-AF3A-FDE154D470D1}.Release|x64.Build.0 = Release|Any CPU
		{4944C10C-92F1-4409-AF3A-FDE154D470D1}.Release|x86.ActiveCfg = Release|Any CPU
		{4944C10C-92F1-4409-AF3A-FDE154D470D1}.Release|x86.Build.0 = Release|Any CPU
		{8589EEEF-A7FC-4137-8CEA-D7391F7F4463}.Debug|Any CPU.ActiveCfg = Debug|Any CPU
		{8589EEEF-A7FC-4137-8CEA-D7391F7F4463}.Debug|Any CPU.Build.0 = Debug|Any CPU
		{8589EEEF-A7FC-4137-8CEA-D7391F7F4463}.Debug|x64.ActiveCfg = Debug|Any CPU
		{8589EEEF-A7FC-4137-8CEA-D7391F7F4463}.Debug|x64.Build.0 = Debug|Any CPU
		{8589EEEF-A7FC-4137-8CEA-D7391F7F4463}.Debug|x86.ActiveCfg = Debug|Any CPU
		{8589EEEF-A7FC-4137-8CEA-D7391F7F4463}.Debug|x86.Build.0 = Debug|Any CPU
		{8589EEEF-A7FC-4137-8CEA-D7391F7F4463}.Release|Any CPU.ActiveCfg = Release|Any CPU
		{8589EEEF-A7FC-4137-8CEA-D7391F7F4463}.Release|Any CPU.Build.0 = Release|Any CPU
		{8589EEEF-A7FC-4137-8CEA-D7391F7F4463}.Release|x64.ActiveCfg = Release|Any CPU
		{8589EEEF-A7FC-4137-8CEA-D7391F7F4463}.Release|x64.Build.0 = Release|Any CPU
		{8589EEEF-A7FC-4137-8CEA-D7391F7F4463}.Release|x86.ActiveCfg = Release|Any CPU
		{8589EEEF-A7FC-4137-8CEA-D7391F7F4463}.Release|x86.Build.0 = Release|Any CPU
		{D45C568B-5E80-4574-AD33-6DE658EB0F9C}.Debug|Any CPU.ActiveCfg = Debug|Any CPU
		{D45C568B-5E80-4574-AD33-6DE658EB0F9C}.Debug|Any CPU.Build.0 = Debug|Any CPU
		{D45C568B-5E80-4574-AD33-6DE658EB0F9C}.Debug|x64.ActiveCfg = Debug|Any CPU
		{D45C568B-5E80-4574-AD33-6DE658EB0F9C}.Debug|x64.Build.0 = Debug|Any CPU
		{D45C568B-5E80-4574-AD33-6DE658EB0F9C}.Debug|x86.ActiveCfg = Debug|Any CPU
		{D45C568B-5E80-4574-AD33-6DE658EB0F9C}.Debug|x86.Build.0 = Debug|Any CPU
		{D45C568B-5E80-4574-AD33-6DE658EB0F9C}.Release|Any CPU.ActiveCfg = Release|Any CPU
		{D45C568B-5E80-4574-AD33-6DE658EB0F9C}.Release|Any CPU.Build.0 = Release|Any CPU
		{D45C568B-5E80-4574-AD33-6DE658EB0F9C}.Release|x64.ActiveCfg = Release|Any CPU
		{D45C568B-5E80-4574-AD33-6DE658EB0F9C}.Release|x64.Build.0 = Release|Any CPU
		{D45C568B-5E80-4574-AD33-6DE658EB0F9C}.Release|x86.ActiveCfg = Release|Any CPU
		{D45C568B-5E80-4574-AD33-6DE658EB0F9C}.Release|x86.Build.0 = Release|Any CPU
		{DAE4016A-CF9B-4411-9A8B-D8B35BD30EC4}.Debug|Any CPU.ActiveCfg = Debug|Any CPU
		{DAE4016A-CF9B-4411-9A8B-D8B35BD30EC4}.Debug|Any CPU.Build.0 = Debug|Any CPU
		{DAE4016A-CF9B-4411-9A8B-D8B35BD30EC4}.Debug|x64.ActiveCfg = Debug|Any CPU
		{DAE4016A-CF9B-4411-9A8B-D8B35BD30EC4}.Debug|x64.Build.0 = Debug|Any CPU
		{DAE4016A-CF9B-4411-9A8B-D8B35BD30EC4}.Debug|x86.ActiveCfg = Debug|Any CPU
		{DAE4016A-CF9B-4411-9A8B-D8B35BD30EC4}.Debug|x86.Build.0 = Debug|Any CPU
		{DAE4016A-CF9B-4411-9A8B-D8B35BD30EC4}.Release|Any CPU.ActiveCfg = Release|Any CPU
		{DAE4016A-CF9B-4411-9A8B-D8B35BD30EC4}.Release|Any CPU.Build.0 = Release|Any CPU
		{DAE4016A-CF9B-4411-9A8B-D8B35BD30EC4}.Release|x64.ActiveCfg = Release|Any CPU
		{DAE4016A-CF9B-4411-9A8B-D8B35BD30EC4}.Release|x64.Build.0 = Release|Any CPU
		{DAE4016A-CF9B-4411-9A8B-D8B35BD30EC4}.Release|x86.ActiveCfg = Release|Any CPU
		{DAE4016A-CF9B-4411-9A8B-D8B35BD30EC4}.Release|x86.Build.0 = Release|Any CPU
		{D0740E94-1F9B-42E1-AAC4-8DEB741C1A63}.Debug|Any CPU.ActiveCfg = Debug|Any CPU
		{D0740E94-1F9B-42E1-AAC4-8DEB741C1A63}.Debug|Any CPU.Build.0 = Debug|Any CPU
		{D0740E94-1F9B-42E1-AAC4-8DEB741C1A63}.Debug|x64.ActiveCfg = Debug|Any CPU
		{D0740E94-1F9B-42E1-AAC4-8DEB741C1A63}.Debug|x64.Build.0 = Debug|Any CPU
		{D0740E94-1F9B-42E1-AAC4-8DEB741C1A63}.Debug|x86.ActiveCfg = Debug|Any CPU
		{D0740E94-1F9B-42E1-AAC4-8DEB741C1A63}.Debug|x86.Build.0 = Debug|Any CPU
		{D0740E94-1F9B-42E1-AAC4-8DEB741C1A63}.Release|Any CPU.ActiveCfg = Release|Any CPU
		{D0740E94-1F9B-42E1-AAC4-8DEB741C1A63}.Release|Any CPU.Build.0 = Release|Any CPU
		{D0740E94-1F9B-42E1-AAC4-8DEB741C1A63}.Release|x64.ActiveCfg = Release|Any CPU
		{D0740E94-1F9B-42E1-AAC4-8DEB741C1A63}.Release|x64.Build.0 = Release|Any CPU
		{D0740E94-1F9B-42E1-AAC4-8DEB741C1A63}.Release|x86.ActiveCfg = Release|Any CPU
		{D0740E94-1F9B-42E1-AAC4-8DEB741C1A63}.Release|x86.Build.0 = Release|Any CPU
		{15A6A861-25E0-433F-9F3B-6794BB502AC3}.Debug|Any CPU.ActiveCfg = Debug|Any CPU
		{15A6A861-25E0-433F-9F3B-6794BB502AC3}.Debug|Any CPU.Build.0 = Debug|Any CPU
		{15A6A861-25E0-433F-9F3B-6794BB502AC3}.Debug|x64.ActiveCfg = Debug|Any CPU
		{15A6A861-25E0-433F-9F3B-6794BB502AC3}.Debug|x64.Build.0 = Debug|Any CPU
		{15A6A861-25E0-433F-9F3B-6794BB502AC3}.Debug|x86.ActiveCfg = Debug|Any CPU
		{15A6A861-25E0-433F-9F3B-6794BB502AC3}.Debug|x86.Build.0 = Debug|Any CPU
		{15A6A861-25E0-433F-9F3B-6794BB502AC3}.Release|Any CPU.ActiveCfg = Release|Any CPU
		{15A6A861-25E0-433F-9F3B-6794BB502AC3}.Release|Any CPU.Build.0 = Release|Any CPU
		{15A6A861-25E0-433F-9F3B-6794BB502AC3}.Release|x64.ActiveCfg = Release|Any CPU
		{15A6A861-25E0-433F-9F3B-6794BB502AC3}.Release|x64.Build.0 = Release|Any CPU
		{15A6A861-25E0-433F-9F3B-6794BB502AC3}.Release|x86.ActiveCfg = Release|Any CPU
		{15A6A861-25E0-433F-9F3B-6794BB502AC3}.Release|x86.Build.0 = Release|Any CPU
	EndGlobalSection
	GlobalSection(NestedProjects) = preSolution
		{F242B190-C97C-44BE-91BF-4C0ECC41FF88} = {008B5F60-D1BD-4B66-875B-58C2FE98A119}
		{7CC5BD8A-A682-477E-B4AD-BE50C4B949D3} = {008B5F60-D1BD-4B66-875B-58C2FE98A119}
		{213CE55E-AC13-4D32-8A3D-3EAF0E4A6021} = {B5F1ECEA-491B-45E9-9D0B-A2E805F26E96}
		{4944C10C-92F1-4409-AF3A-FDE154D470D1} = {008B5F60-D1BD-4B66-875B-58C2FE98A119}
		{8589EEEF-A7FC-4137-8CEA-D7391F7F4463} = {008B5F60-D1BD-4B66-875B-58C2FE98A119}
		{D45C568B-5E80-4574-AD33-6DE658EB0F9C} = {B5F1ECEA-491B-45E9-9D0B-A2E805F26E96}
		{DAE4016A-CF9B-4411-9A8B-D8B35BD30EC4} = {B5F1ECEA-491B-45E9-9D0B-A2E805F26E96}
		{D0740E94-1F9B-42E1-AAC4-8DEB741C1A63} = {B5F1ECEA-491B-45E9-9D0B-A2E805F26E96}
		{15A6A861-25E0-433F-9F3B-6794BB502AC3} = {B5F1ECEA-491B-45E9-9D0B-A2E805F26E96}
	EndGlobalSection
EndGlobal
